// !$*UTF8*$!
{
	archiveVersion = 1;
	classes = {
	};
	objectVersion = 46;
	objects = {

/* Begin PBXBuildFile section */
		260919081E51C2760065BD5E /* PostCell.swift in Sources */ = {isa = PBXBuildFile; fileRef = 260919071E51C2760065BD5E /* PostCell.swift */; };
		2609190B1E51FF3F0065BD5E /* DataService.swift in Sources */ = {isa = PBXBuildFile; fileRef = 2609190A1E51FF3F0065BD5E /* DataService.swift */; };
		2657C3D61E4E612E0015F76C /* AppDelegate.swift in Sources */ = {isa = PBXBuildFile; fileRef = 2657C3D51E4E612E0015F76C /* AppDelegate.swift */; };
		2657C3DB1E4E612E0015F76C /* Main.storyboard in Resources */ = {isa = PBXBuildFile; fileRef = 2657C3D91E4E612E0015F76C /* Main.storyboard */; };
		2657C3DD1E4E612E0015F76C /* Assets.xcassets in Resources */ = {isa = PBXBuildFile; fileRef = 2657C3DC1E4E612E0015F76C /* Assets.xcassets */; };
		2657C3E01E4E612E0015F76C /* LaunchScreen.storyboard in Resources */ = {isa = PBXBuildFile; fileRef = 2657C3DE1E4E612E0015F76C /* LaunchScreen.storyboard */; };
		2657C3E81E4E61F90015F76C /* GoogleService-Info.plist in Resources */ = {isa = PBXBuildFile; fileRef = 2657C3E71E4E61F90015F76C /* GoogleService-Info.plist */; };
		2657C3ED1E4E663A0015F76C /* SignInVC.swift in Sources */ = {isa = PBXBuildFile; fileRef = 2657C3EC1E4E663A0015F76C /* SignInVC.swift */; };
		265FDA8F1E50B203004D91B8 /* FeedVC.swift in Sources */ = {isa = PBXBuildFile; fileRef = 265FDA8E1E50B203004D91B8 /* FeedVC.swift */; };
		267D84BF1E4F0FD300B80EC8 /* FancyView.swift in Sources */ = {isa = PBXBuildFile; fileRef = 267D84BE1E4F0FD300B80EC8 /* FancyView.swift */; };
		267D84C21E4F109100B80EC8 /* Constants.swift in Sources */ = {isa = PBXBuildFile; fileRef = 267D84C11E4F109100B80EC8 /* Constants.swift */; };
		267D84C61E4F13C100B80EC8 /* roundButton.swift in Sources */ = {isa = PBXBuildFile; fileRef = 267D84C51E4F13C100B80EC8 /* roundButton.swift */; };
		267D84C81E4F173700B80EC8 /* FancyField.swift in Sources */ = {isa = PBXBuildFile; fileRef = 267D84C71E4F173700B80EC8 /* FancyField.swift */; };
		267D84CA1E4F18DD00B80EC8 /* FancyButton.swift in Sources */ = {isa = PBXBuildFile; fileRef = 267D84C91E4F18DD00B80EC8 /* FancyButton.swift */; };
		26BC95371E5612EE0059DD1A /* Alerts.swift in Sources */ = {isa = PBXBuildFile; fileRef = 26BC95361E5612EE0059DD1A /* Alerts.swift */; };
		26C552311E5118EB004BF029 /* CircleView.swift in Sources */ = {isa = PBXBuildFile; fileRef = 26C552301E5118EB004BF029 /* CircleView.swift */; };
		26E3859D1E52573500CEA89B /* Post.swift in Sources */ = {isa = PBXBuildFile; fileRef = 26E3859C1E52573500CEA89B /* Post.swift */; };
		515481443D3CF6F1047779F2 /* Pods_SocialApp.framework in Frameworks */ = {isa = PBXBuildFile; fileRef = 5469029AB9E64C09CF541554 /* Pods_SocialApp.framework */; };
/* End PBXBuildFile section */

/* Begin PBXFileReference section */
		260919071E51C2760065BD5E /* PostCell.swift */ = {isa = PBXFileReference; fileEncoding = 4; lastKnownFileType = sourcecode.swift; path = PostCell.swift; sourceTree = "<group>"; };
		2609190A1E51FF3F0065BD5E /* DataService.swift */ = {isa = PBXFileReference; fileEncoding = 4; lastKnownFileType = sourcecode.swift; path = DataService.swift; sourceTree = "<group>"; };
		265709661E56FDB9004807E3 /* SocialApp.entitlements */ = {isa = PBXFileReference; lastKnownFileType = text.plist.entitlements; path = SocialApp.entitlements; sourceTree = "<group>"; };
		2657C3D21E4E612E0015F76C /* SocialApp.app */ = {isa = PBXFileReference; explicitFileType = wrapper.application; includeInIndex = 0; path = SocialApp.app; sourceTree = BUILT_PRODUCTS_DIR; };
		2657C3D51E4E612E0015F76C /* AppDelegate.swift */ = {isa = PBXFileReference; lastKnownFileType = sourcecode.swift; path = AppDelegate.swift; sourceTree = "<group>"; };
		2657C3DA1E4E612E0015F76C /* Base */ = {isa = PBXFileReference; lastKnownFileType = file.storyboard; name = Base; path = Base.lproj/Main.storyboard; sourceTree = "<group>"; };
		2657C3DC1E4E612E0015F76C /* Assets.xcassets */ = {isa = PBXFileReference; lastKnownFileType = folder.assetcatalog; path = Assets.xcassets; sourceTree = "<group>"; };
		2657C3DF1E4E612E0015F76C /* Base */ = {isa = PBXFileReference; lastKnownFileType = file.storyboard; name = Base; path = Base.lproj/LaunchScreen.storyboard; sourceTree = "<group>"; };
		2657C3E11E4E612E0015F76C /* Info.plist */ = {isa = PBXFileReference; lastKnownFileType = text.plist.xml; path = Info.plist; sourceTree = "<group>"; };
		2657C3E71E4E61F90015F76C /* GoogleService-Info.plist */ = {isa = PBXFileReference; fileEncoding = 4; lastKnownFileType = text.plist.xml; path = "GoogleService-Info.plist"; sourceTree = "<group>"; };
		2657C3EC1E4E663A0015F76C /* SignInVC.swift */ = {isa = PBXFileReference; fileEncoding = 4; lastKnownFileType = sourcecode.swift; path = SignInVC.swift; sourceTree = "<group>"; };
		265FDA8E1E50B203004D91B8 /* FeedVC.swift */ = {isa = PBXFileReference; fileEncoding = 4; lastKnownFileType = sourcecode.swift; path = FeedVC.swift; sourceTree = "<group>"; };
		267D84BE1E4F0FD300B80EC8 /* FancyView.swift */ = {isa = PBXFileReference; fileEncoding = 4; lastKnownFileType = sourcecode.swift; path = FancyView.swift; sourceTree = "<group>"; };
		267D84C11E4F109100B80EC8 /* Constants.swift */ = {isa = PBXFileReference; fileEncoding = 4; lastKnownFileType = sourcecode.swift; path = Constants.swift; sourceTree = "<group>"; };
		267D84C51E4F13C100B80EC8 /* roundButton.swift */ = {isa = PBXFileReference; fileEncoding = 4; lastKnownFileType = sourcecode.swift; path = roundButton.swift; sourceTree = "<group>"; };
		267D84C71E4F173700B80EC8 /* FancyField.swift */ = {isa = PBXFileReference; fileEncoding = 4; lastKnownFileType = sourcecode.swift; path = FancyField.swift; sourceTree = "<group>"; };
		267D84C91E4F18DD00B80EC8 /* FancyButton.swift */ = {isa = PBXFileReference; fileEncoding = 4; lastKnownFileType = sourcecode.swift; path = FancyButton.swift; sourceTree = "<group>"; };
		26BC95361E5612EE0059DD1A /* Alerts.swift */ = {isa = PBXFileReference; fileEncoding = 4; lastKnownFileType = sourcecode.swift; path = Alerts.swift; sourceTree = "<group>"; };
		26C552301E5118EB004BF029 /* CircleView.swift */ = {isa = PBXFileReference; fileEncoding = 4; lastKnownFileType = sourcecode.swift; path = CircleView.swift; sourceTree = "<group>"; };
		26E3859C1E52573500CEA89B /* Post.swift */ = {isa = PBXFileReference; fileEncoding = 4; lastKnownFileType = sourcecode.swift; path = Post.swift; sourceTree = "<group>"; };
		5469029AB9E64C09CF541554 /* Pods_SocialApp.framework */ = {isa = PBXFileReference; explicitFileType = wrapper.framework; includeInIndex = 0; path = Pods_SocialApp.framework; sourceTree = BUILT_PRODUCTS_DIR; };
		A4B374D11E523341D0C0B798 /* Pods-SocialApp.release.xcconfig */ = {isa = PBXFileReference; includeInIndex = 1; lastKnownFileType = text.xcconfig; name = "Pods-SocialApp.release.xcconfig"; path = "Pods/Target Support Files/Pods-SocialApp/Pods-SocialApp.release.xcconfig"; sourceTree = "<group>"; };
		E8B988CCD71A0BA793858AB5 /* Pods-SocialApp.debug.xcconfig */ = {isa = PBXFileReference; includeInIndex = 1; lastKnownFileType = text.xcconfig; name = "Pods-SocialApp.debug.xcconfig"; path = "Pods/Target Support Files/Pods-SocialApp/Pods-SocialApp.debug.xcconfig"; sourceTree = "<group>"; };
/* End PBXFileReference section */

/* Begin PBXFrameworksBuildPhase section */
		2657C3CF1E4E612E0015F76C /* Frameworks */ = {
			isa = PBXFrameworksBuildPhase;
			buildActionMask = 2147483647;
			files = (
				515481443D3CF6F1047779F2 /* Pods_SocialApp.framework in Frameworks */,
			);
			runOnlyForDeploymentPostprocessing = 0;
		};
/* End PBXFrameworksBuildPhase section */

/* Begin PBXGroup section */
		260919091E51FF190065BD5E /* services */ = {
			isa = PBXGroup;
			children = (
				2609190A1E51FF3F0065BD5E /* DataService.swift */,
			);
			name = services;
			sourceTree = "<group>";
		};
		2657C3C91E4E612E0015F76C = {
			isa = PBXGroup;
			children = (
				2657C3D41E4E612E0015F76C /* SocialApp */,
				2657C3D31E4E612E0015F76C /* Products */,
				29599EDC475A5B562EAABBDB /* Pods */,
				AFEF7204266ABEB39CE314BA /* Frameworks */,
			);
			sourceTree = "<group>";
		};
		2657C3D31E4E612E0015F76C /* Products */ = {
			isa = PBXGroup;
			children = (
				2657C3D21E4E612E0015F76C /* SocialApp.app */,
			);
			name = Products;
			sourceTree = "<group>";
		};
		2657C3D41E4E612E0015F76C /* SocialApp */ = {
			isa = PBXGroup;
			children = (
				265709661E56FDB9004807E3 /* SocialApp.entitlements */,
				260919091E51FF190065BD5E /* services */,
				267D84C01E4F106500B80EC8 /* utilities */,
				2657C3E91E4E65BC0015F76C /* Model */,
				2657C3EA1E4E65C40015F76C /* View */,
				2657C3EB1E4E65E30015F76C /* Controller */,
				2657C3D51E4E612E0015F76C /* AppDelegate.swift */,
				2657C3D91E4E612E0015F76C /* Main.storyboard */,
				2657C3DC1E4E612E0015F76C /* Assets.xcassets */,
				2657C3DE1E4E612E0015F76C /* LaunchScreen.storyboard */,
				2657C3E11E4E612E0015F76C /* Info.plist */,
				2657C3E71E4E61F90015F76C /* GoogleService-Info.plist */,
			);
			path = SocialApp;
			sourceTree = "<group>";
		};
		2657C3E91E4E65BC0015F76C /* Model */ = {
			isa = PBXGroup;
			children = (
				26E3859C1E52573500CEA89B /* Post.swift */,
				26BC95361E5612EE0059DD1A /* Alerts.swift */,
			);
			name = Model;
			sourceTree = "<group>";
		};
		2657C3EA1E4E65C40015F76C /* View */ = {
			isa = PBXGroup;
			children = (
				267D84BE1E4F0FD300B80EC8 /* FancyView.swift */,
				267D84C51E4F13C100B80EC8 /* roundButton.swift */,
				267D84C71E4F173700B80EC8 /* FancyField.swift */,
				267D84C91E4F18DD00B80EC8 /* FancyButton.swift */,
				26C552301E5118EB004BF029 /* CircleView.swift */,
				260919071E51C2760065BD5E /* PostCell.swift */,
			);
			name = View;
			sourceTree = "<group>";
		};
		2657C3EB1E4E65E30015F76C /* Controller */ = {
			isa = PBXGroup;
			children = (
				2657C3EC1E4E663A0015F76C /* SignInVC.swift */,
				265FDA8E1E50B203004D91B8 /* FeedVC.swift */,
			);
			name = Controller;
			sourceTree = "<group>";
		};
		267D84C01E4F106500B80EC8 /* utilities */ = {
			isa = PBXGroup;
			children = (
				267D84C11E4F109100B80EC8 /* Constants.swift */,
			);
			name = utilities;
			sourceTree = "<group>";
		};
		29599EDC475A5B562EAABBDB /* Pods */ = {
			isa = PBXGroup;
			children = (
				E8B988CCD71A0BA793858AB5 /* Pods-SocialApp.debug.xcconfig */,
				A4B374D11E523341D0C0B798 /* Pods-SocialApp.release.xcconfig */,
			);
			name = Pods;
			sourceTree = "<group>";
		};
		AFEF7204266ABEB39CE314BA /* Frameworks */ = {
			isa = PBXGroup;
			children = (
				5469029AB9E64C09CF541554 /* Pods_SocialApp.framework */,
			);
			name = Frameworks;
			sourceTree = "<group>";
		};
/* End PBXGroup section */

/* Begin PBXNativeTarget section */
		2657C3D11E4E612E0015F76C /* SocialApp */ = {
			isa = PBXNativeTarget;
			buildConfigurationList = 2657C3E41E4E612E0015F76C /* Build configuration list for PBXNativeTarget "SocialApp" */;
			buildPhases = (
				DAB4BC03CB5FF9BC5E4B4692 /* [CP] Check Pods Manifest.lock */,
				2657C3CE1E4E612E0015F76C /* Sources */,
				2657C3CF1E4E612E0015F76C /* Frameworks */,
				2657C3D01E4E612E0015F76C /* Resources */,
				D512529E9DDE62D39A0B42DA /* [CP] Embed Pods Frameworks */,
				32A0B1C6B10AA624E7296CC3 /* [CP] Copy Pods Resources */,
			);
			buildRules = (
			);
			dependencies = (
			);
			name = SocialApp;
			productName = SocialApp;
			productReference = 2657C3D21E4E612E0015F76C /* SocialApp.app */;
			productType = "com.apple.product-type.application";
		};
/* End PBXNativeTarget section */

/* Begin PBXProject section */
		2657C3CA1E4E612E0015F76C /* Project object */ = {
			isa = PBXProject;
			attributes = {
				LastSwiftUpdateCheck = 0810;
				LastUpgradeCheck = 0810;
				ORGANIZATIONNAME = VavkenApps;
				TargetAttributes = {
					2657C3D11E4E612E0015F76C = {
						CreatedOnToolsVersion = 8.1;
						DevelopmentTeam = 6KV3SC8LP9;
						ProvisioningStyle = Automatic;
						SystemCapabilities = {
							com.apple.Keychain = {
								enabled = 1;
							};
						};
					};
				};
			};
			buildConfigurationList = 2657C3CD1E4E612E0015F76C /* Build configuration list for PBXProject "SocialApp" */;
			compatibilityVersion = "Xcode 3.2";
			developmentRegion = English;
			hasScannedForEncodings = 0;
			knownRegions = (
				en,
				Base,
			);
			mainGroup = 2657C3C91E4E612E0015F76C;
			productRefGroup = 2657C3D31E4E612E0015F76C /* Products */;
			projectDirPath = "";
			projectRoot = "";
			targets = (
				2657C3D11E4E612E0015F76C /* SocialApp */,
			);
		};
/* End PBXProject section */

/* Begin PBXResourcesBuildPhase section */
		2657C3D01E4E612E0015F76C /* Resources */ = {
			isa = PBXResourcesBuildPhase;
			buildActionMask = 2147483647;
			files = (
				2657C3E81E4E61F90015F76C /* GoogleService-Info.plist in Resources */,
				2657C3E01E4E612E0015F76C /* LaunchScreen.storyboard in Resources */,
				2657C3DD1E4E612E0015F76C /* Assets.xcassets in Resources */,
				2657C3DB1E4E612E0015F76C /* Main.storyboard in Resources */,
			);
			runOnlyForDeploymentPostprocessing = 0;
		};
/* End PBXResourcesBuildPhase section */

/* Begin PBXShellScriptBuildPhase section */
		32A0B1C6B10AA624E7296CC3 /* [CP] Copy Pods Resources */ = {
			isa = PBXShellScriptBuildPhase;
			buildActionMask = 2147483647;
			files = (
			);
			inputPaths = (
			);
			name = "[CP] Copy Pods Resources";
			outputPaths = (
			);
			runOnlyForDeploymentPostprocessing = 0;
			shellPath = /bin/sh;
			shellScript = "\"${SRCROOT}/Pods/Target Support Files/Pods-SocialApp/Pods-SocialApp-resources.sh\"\n";
			showEnvVarsInLog = 0;
		};
		D512529E9DDE62D39A0B42DA /* [CP] Embed Pods Frameworks */ = {
			isa = PBXShellScriptBuildPhase;
			buildActionMask = 2147483647;
			files = (
			);
			inputPaths = (
			);
			name = "[CP] Embed Pods Frameworks";
			outputPaths = (
			);
			runOnlyForDeploymentPostprocessing = 0;
			shellPath = /bin/sh;
			shellScript = "\"${SRCROOT}/Pods/Target Support Files/Pods-SocialApp/Pods-SocialApp-frameworks.sh\"\n";
			showEnvVarsInLog = 0;
		};
		DAB4BC03CB5FF9BC5E4B4692 /* [CP] Check Pods Manifest.lock */ = {
			isa = PBXShellScriptBuildPhase;
			buildActionMask = 2147483647;
			files = (
			);
			inputPaths = (
			);
			name = "[CP] Check Pods Manifest.lock";
			outputPaths = (
			);
			runOnlyForDeploymentPostprocessing = 0;
			shellPath = /bin/sh;
			shellScript = "diff \"${PODS_ROOT}/../Podfile.lock\" \"${PODS_ROOT}/Manifest.lock\" > /dev/null\nif [ $? != 0 ] ; then\n    # print error to STDERR\n    echo \"error: The sandbox is not in sync with the Podfile.lock. Run 'pod install' or update your CocoaPods installation.\" >&2\n    exit 1\nfi\n";
			showEnvVarsInLog = 0;
		};
/* End PBXShellScriptBuildPhase section */

/* Begin PBXSourcesBuildPhase section */
		2657C3CE1E4E612E0015F76C /* Sources */ = {
			isa = PBXSourcesBuildPhase;
			buildActionMask = 2147483647;
			files = (
				26C552311E5118EB004BF029 /* CircleView.swift in Sources */,
				267D84C81E4F173700B80EC8 /* FancyField.swift in Sources */,
				2657C3ED1E4E663A0015F76C /* SignInVC.swift in Sources */,
				26E3859D1E52573500CEA89B /* Post.swift in Sources */,
				267D84C61E4F13C100B80EC8 /* roundButton.swift in Sources */,
				267D84CA1E4F18DD00B80EC8 /* FancyButton.swift in Sources */,
				2609190B1E51FF3F0065BD5E /* DataService.swift in Sources */,
				265FDA8F1E50B203004D91B8 /* FeedVC.swift in Sources */,
				26BC95371E5612EE0059DD1A /* Alerts.swift in Sources */,
				2657C3D61E4E612E0015F76C /* AppDelegate.swift in Sources */,
				267D84BF1E4F0FD300B80EC8 /* FancyView.swift in Sources */,
				267D84C21E4F109100B80EC8 /* Constants.swift in Sources */,
				260919081E51C2760065BD5E /* PostCell.swift in Sources */,
			);
			runOnlyForDeploymentPostprocessing = 0;
		};
/* End PBXSourcesBuildPhase section */

/* Begin PBXVariantGroup section */
		2657C3D91E4E612E0015F76C /* Main.storyboard */ = {
			isa = PBXVariantGroup;
			children = (
				2657C3DA1E4E612E0015F76C /* Base */,
			);
			name = Main.storyboard;
			sourceTree = "<group>";
		};
		2657C3DE1E4E612E0015F76C /* LaunchScreen.storyboard */ = {
			isa = PBXVariantGroup;
			children = (
				2657C3DF1E4E612E0015F76C /* Base */,
			);
			name = LaunchScreen.storyboard;
			sourceTree = "<group>";
		};
/* End PBXVariantGroup section */

/* Begin XCBuildConfiguration section */
		2657C3E21E4E612E0015F76C /* Debug */ = {
			isa = XCBuildConfiguration;
			buildSettings = {
				ALWAYS_SEARCH_USER_PATHS = NO;
				CLANG_ANALYZER_NONNULL = YES;
				CLANG_CXX_LANGUAGE_STANDARD = "gnu++0x";
				CLANG_CXX_LIBRARY = "libc++";
				CLANG_ENABLE_MODULES = YES;
				CLANG_ENABLE_OBJC_ARC = YES;
				CLANG_WARN_BOOL_CONVERSION = YES;
				CLANG_WARN_CONSTANT_CONVERSION = YES;
				CLANG_WARN_DIRECT_OBJC_ISA_USAGE = YES_ERROR;
				CLANG_WARN_DOCUMENTATION_COMMENTS = YES;
				CLANG_WARN_EMPTY_BODY = YES;
				CLANG_WARN_ENUM_CONVERSION = YES;
				CLANG_WARN_INFINITE_RECURSION = YES;
				CLANG_WARN_INT_CONVERSION = YES;
				CLANG_WARN_OBJC_ROOT_CLASS = YES_ERROR;
				CLANG_WARN_SUSPICIOUS_MOVE = YES;
				CLANG_WARN_SUSPICIOUS_MOVES = YES;
				CLANG_WARN_UNREACHABLE_CODE = YES;
				CLANG_WARN__DUPLICATE_METHOD_MATCH = YES;
				"CODE_SIGN_IDENTITY[sdk=iphoneos*]" = "iPhone Developer";
				COPY_PHASE_STRIP = NO;
				DEBUG_INFORMATION_FORMAT = dwarf;
				ENABLE_STRICT_OBJC_MSGSEND = YES;
				ENABLE_TESTABILITY = YES;
				GCC_C_LANGUAGE_STANDARD = gnu99;
				GCC_DYNAMIC_NO_PIC = NO;
				GCC_NO_COMMON_BLOCKS = YES;
				GCC_OPTIMIZATION_LEVEL = 0;
				GCC_PREPROCESSOR_DEFINITIONS = (
					"DEBUG=1",
					"$(inherited)",
				);
				GCC_WARN_64_TO_32_BIT_CONVERSION = YES;
				GCC_WARN_ABOUT_RETURN_TYPE = YES_ERROR;
				GCC_WARN_UNDECLARED_SELECTOR = YES;
				GCC_WARN_UNINITIALIZED_AUTOS = YES_AGGRESSIVE;
				GCC_WARN_UNUSED_FUNCTION = YES;
				GCC_WARN_UNUSED_VARIABLE = YES;
				IPHONEOS_DEPLOYMENT_TARGET = 10.1;
				MTL_ENABLE_DEBUG_INFO = YES;
				ONLY_ACTIVE_ARCH = YES;
				SDKROOT = iphoneos;
				SWIFT_ACTIVE_COMPILATION_CONDITIONS = DEBUG;
				SWIFT_OPTIMIZATION_LEVEL = "-Onone";
				TARGETED_DEVICE_FAMILY = "1,2";
			};
			name = Debug;
		};
		2657C3E31E4E612E0015F76C /* Release */ = {
			isa = XCBuildConfiguration;
			buildSettings = {
				ALWAYS_SEARCH_USER_PATHS = NO;
				CLANG_ANALYZER_NONNULL = YES;
				CLANG_CXX_LANGUAGE_STANDARD = "gnu++0x";
				CLANG_CXX_LIBRARY = "libc++";
				CLANG_ENABLE_MODULES = YES;
				CLANG_ENABLE_OBJC_ARC = YES;
				CLANG_WARN_BOOL_CONVERSION = YES;
				CLANG_WARN_CONSTANT_CONVERSION = YES;
				CLANG_WARN_DIRECT_OBJC_ISA_USAGE = YES_ERROR;
				CLANG_WARN_DOCUMENTATION_COMMENTS = YES;
				CLANG_WARN_EMPTY_BODY = YES;
				CLANG_WARN_ENUM_CONVERSION = YES;
				CLANG_WARN_INFINITE_RECURSION = YES;
				CLANG_WARN_INT_CONVERSION = YES;
				CLANG_WARN_OBJC_ROOT_CLASS = YES_ERROR;
				CLANG_WARN_SUSPICIOUS_MOVE = YES;
				CLANG_WARN_SUSPICIOUS_MOVES = YES;
				CLANG_WARN_UNREACHABLE_CODE = YES;
				CLANG_WARN__DUPLICATE_METHOD_MATCH = YES;
				"CODE_SIGN_IDENTITY[sdk=iphoneos*]" = "iPhone Developer";
				COPY_PHASE_STRIP = NO;
				DEBUG_INFORMATION_FORMAT = "dwarf-with-dsym";
				ENABLE_NS_ASSERTIONS = NO;
				ENABLE_STRICT_OBJC_MSGSEND = YES;
				GCC_C_LANGUAGE_STANDARD = gnu99;
				GCC_NO_COMMON_BLOCKS = YES;
				GCC_WARN_64_TO_32_BIT_CONVERSION = YES;
				GCC_WARN_ABOUT_RETURN_TYPE = YES_ERROR;
				GCC_WARN_UNDECLARED_SELECTOR = YES;
				GCC_WARN_UNINITIALIZED_AUTOS = YES_AGGRESSIVE;
				GCC_WARN_UNUSED_FUNCTION = YES;
				GCC_WARN_UNUSED_VARIABLE = YES;
				IPHONEOS_DEPLOYMENT_TARGET = 10.1;
				MTL_ENABLE_DEBUG_INFO = NO;
				SDKROOT = iphoneos;
				SWIFT_OPTIMIZATION_LEVEL = "-Owholemodule";
				TARGETED_DEVICE_FAMILY = "1,2";
				VALIDATE_PRODUCT = YES;
			};
			name = Release;
		};
		2657C3E51E4E612E0015F76C /* Debug */ = {
			isa = XCBuildConfiguration;
			baseConfigurationReference = E8B988CCD71A0BA793858AB5 /* Pods-SocialApp.debug.xcconfig */;
			buildSettings = {
				ALWAYS_EMBED_SWIFT_STANDARD_LIBRARIES = YES;
				ASSETCATALOG_COMPILER_APPICON_NAME = AppIcon;
				CODE_SIGN_ENTITLEMENTS = SocialApp/SocialApp.entitlements;
				DEVELOPMENT_TEAM = 6KV3SC8LP9;
				INFOPLIST_FILE = SocialApp/Info.plist;
				LD_RUNPATH_SEARCH_PATHS = "$(inherited) @executable_path/Frameworks";
				PRODUCT_BUNDLE_IDENTIFIER = AnzeVavken.SocialApp;
				PRODUCT_NAME = "$(TARGET_NAME)";
				SWIFT_VERSION = 3.0;
			};
			name = Debug;
		};
		2657C3E61E4E612E0015F76C /* Release */ = {
			isa = XCBuildConfiguration;
			baseConfigurationReference = A4B374D11E523341D0C0B798 /* Pods-SocialApp.release.xcconfig */;
			buildSettings = {
				ALWAYS_EMBED_SWIFT_STANDARD_LIBRARIES = YES;
				ASSETCATALOG_COMPILER_APPICON_NAME = AppIcon;
				CODE_SIGN_ENTITLEMENTS = SocialApp/SocialApp.entitlements;
				DEVELOPMENT_TEAM = 6KV3SC8LP9;
				INFOPLIST_FILE = SocialApp/Info.plist;
				LD_RUNPATH_SEARCH_PATHS = "$(inherited) @executable_path/Frameworks";
				PRODUCT_BUNDLE_IDENTIFIER = AnzeVavken.SocialApp;
				PRODUCT_NAME = "$(TARGET_NAME)";
				SWIFT_VERSION = 3.0;
			};
			name = Release;
		};
/* End XCBuildConfiguration section */

/* Begin XCConfigurationList section */
		2657C3CD1E4E612E0015F76C /* Build configuration list for PBXProject "SocialApp" */ = {
			isa = XCConfigurationList;
			buildConfigurations = (
				2657C3E21E4E612E0015F76C /* Debug */,
				2657C3E31E4E612E0015F76C /* Release */,
			);
			defaultConfigurationIsVisible = 0;
			defaultConfigurationName = Release;
		};
		2657C3E41E4E612E0015F76C /* Build configuration list for PBXNativeTarget "SocialApp" */ = {
			isa = XCConfigurationList;
			buildConfigurations = (
				2657C3E51E4E612E0015F76C /* Debug */,
				2657C3E61E4E612E0015F76C /* Release */,
			);
			defaultConfigurationIsVisible = 0;
			defaultConfigurationName = Release;
		};
/* End XCConfigurationList section */
	};
	rootObject = 2657C3CA1E4E612E0015F76C /* Project object */;
}
